
Microsoft Visual Studio Solution File, Format Version 12.00
# Visual Studio Version 17
VisualStudioVersion = 17.0.32014.148
MinimumVisualStudioVersion = 10.0.40219.1
Project("{FAE04EC0-301F-11D3-BF4B-00C04F79EFBC}") = "GagBot", "GagBot\GagBot.csproj", "{E981A714-BF90-43F7-B9C0-54CEDADD33F1}"
EndProject
Global
	GlobalSection(SolutionConfigurationPlatforms) = preSolution
		Debug|Any CPU = Debug|Any CPU
		Release|Any CPU = Release|Any CPU
	EndGlobalSection
	GlobalSection(ProjectConfigurationPlatforms) = postSolution
		{E981A714-BF90-43F7-B9C0-54CEDADD33F1}.Debug|Any CPU.ActiveCfg = Debug|Any CPU
		{E981A714-BF90-43F7-B9C0-54CEDADD33F1}.Debug|Any CPU.Build.0 = Debug|Any CPU
		{E981A714-BF90-43F7-B9C0-54CEDADD33F1}.Release|Any CPU.ActiveCfg = Release|Any CPU
		{E981A714-BF90-43F7-B9C0-54CEDADD33F1}.Release|Any CPU.Build.0 = Release|Any CPU
	EndGlobalSection
	GlobalSection(SolutionProperties) = preSolution
		HideSolutionNode = FALSE
	EndGlobalSection
	GlobalSection(ExtensibilityGlobals) = postSolution
		SolutionGuid = {8B8263E2-8822-414D-856E-441353775ACC}
	EndGlobalSection
EndGlobal
